
Microsoft Visual Studio Solution File, Format Version 12.00
# Visual Studio 15
VisualStudioVersion = 15.0.27703.2000
MinimumVisualStudioVersion = 10.0.40219.1
Project("{FAE04EC0-301F-11D3-BF4B-00C04F79EFBC}") = "PEDS-XFWC", "PEDS-XFWC\PEDS-XFWC.csproj", "{8F2B7E33-FE0C-4210-BCCD-CBFAE8DE7793}"
EndProject
Project("{FAE04EC0-301F-11D3-BF4B-00C04F79EFBC}") = "PEDS-XFWC.Tests", "PEDS-XFWC.Tests\PEDS-XFWC.Tests.csproj", "{53FC8536-07DA-40F9-9135-AD4D2EDED2B0}"
EndProject
Global
	GlobalSection(SolutionConfigurationPlatforms) = preSolution
		Debug|Any CPU = Debug|Any CPU
		Release|Any CPU = Release|Any CPU
	EndGlobalSection
	GlobalSection(ProjectConfigurationPlatforms) = postSolution
		{8F2B7E33-FE0C-4210-BCCD-CBFAE8DE7793}.Debug|Any CPU.ActiveCfg = Debug|Any CPU
		{8F2B7E33-FE0C-4210-BCCD-CBFAE8DE7793}.Debug|Any CPU.Build.0 = Debug|Any CPU
		{8F2B7E33-FE0C-4210-BCCD-CBFAE8DE7793}.Release|Any CPU.ActiveCfg = Release|Any CPU
		{8F2B7E33-FE0C-4210-BCCD-CBFAE8DE7793}.Release|Any CPU.Build.0 = Release|Any CPU
		{53FC8536-07DA-40F9-9135-AD4D2EDED2B0}.Debug|Any CPU.ActiveCfg = Debug|Any CPU
		{53FC8536-07DA-40F9-9135-AD4D2EDED2B0}.Debug|Any CPU.Build.0 = Debug|Any CPU
		{53FC8536-07DA-40F9-9135-AD4D2EDED2B0}.Release|Any CPU.ActiveCfg = Release|Any CPU
		{53FC8536-07DA-40F9-9135-AD4D2EDED2B0}.Release|Any CPU.Build.0 = Release|Any CPU
	EndGlobalSection
	GlobalSection(SolutionProperties) = preSolution
		HideSolutionNode = FALSE
	EndGlobalSection
	GlobalSection(ExtensibilityGlobals) = postSolution
		SolutionGuid = {BD2BFDC1-592F-43A7-8CD7-ECC23C613D66}
	EndGlobalSection
EndGlobal
